
Microsoft Visual Studio Solution File, Format Version 12.00
# Visual Studio Version 17
VisualStudioVersion = 17.1.32228.430
MinimumVisualStudioVersion = 10.0.40219.1
Project("{FAE04EC0-301F-11D3-BF4B-00C04F79EFBC}") = "ab104251023", "ab104251023\ab104251023.csproj", "{5CA3720C-6E2B-454E-95DE-389B17DCFBE2}"
EndProject
Global
	GlobalSection(SolutionConfigurationPlatforms) = preSolution
		Debug|Any CPU = Debug|Any CPU
		Release|Any CPU = Release|Any CPU
	EndGlobalSection
	GlobalSection(ProjectConfigurationPlatforms) = postSolution
		{5CA3720C-6E2B-454E-95DE-389B17DCFBE2}.Debug|Any CPU.ActiveCfg = Debug|Any CPU
		{5CA3720C-6E2B-454E-95DE-389B17DCFBE2}.Debug|Any CPU.Build.0 = Debug|Any CPU
		{5CA3720C-6E2B-454E-95DE-389B17DCFBE2}.Release|Any CPU.ActiveCfg = Release|Any CPU
		{5CA3720C-6E2B-454E-95DE-389B17DCFBE2}.Release|Any CPU.Build.0 = Release|Any CPU
	EndGlobalSection
	GlobalSection(SolutionProperties) = preSolution
		HideSolutionNode = FALSE
	EndGlobalSection
	GlobalSection(ExtensibilityGlobals) = postSolution
		SolutionGuid = {7ADABDA0-A41E-4E65-8F08-0228CC747430}
	EndGlobalSection
EndGlobal
